
Microsoft Visual Studio Solution File, Format Version 12.00
# Visual Studio Version 17
VisualStudioVersion = 17.5.33530.505
MinimumVisualStudioVersion = 10.0.40219.1
Project("{2150E333-8FDC-42A3-9474-1A3956D46DE8}") = "Services", "Services", "{DE00132D-82B6-4EEA-983A-174FEF32AE7F}"
EndProject
Project("{2150E333-8FDC-42A3-9474-1A3956D46DE8}") = "Catalog", "Catalog", "{AADBD0DF-6A02-41A1-B2CF-D58FB9A08EEB}"
EndProject
Project("{FAE04EC0-301F-11D3-BF4B-00C04F79EFBC}") = "Catalog.API", "Services\Catalog\Catalog.API\Catalog.API.csproj", "{88EC0DFF-18F5-438D-8A43-E1F81D95E3F6}"
EndProject
Project("{2150E333-8FDC-42A3-9474-1A3956D46DE8}") = "Solution Items", "Solution Items", "{88344C46-9B65-4653-A933-3BDD0A05D0C6}"
	ProjectSection(SolutionItems) = preProject
		..\README.md = ..\README.md
	EndProjectSection
EndProject
Project("{E53339B2-1760-4266-BCC7-CA923CBCF16C}") = "docker-compose", "docker-compose.dcproj", "{4C248605-15D8-4E75-BAE4-905C6A9133D6}"
EndProject
Project("{FAE04EC0-301F-11D3-BF4B-00C04F79EFBC}") = "Basket.API", "Services\Basket\Basket.API\Basket.API.csproj", "{F33DFE9A-4B7B-4C01-A0B5-0790319124EA}"
EndProject
Global
	GlobalSection(SolutionConfigurationPlatforms) = preSolution
		Debug|Any CPU = Debug|Any CPU
		Release|Any CPU = Release|Any CPU
	EndGlobalSection
	GlobalSection(ProjectConfigurationPlatforms) = postSolution
		{88EC0DFF-18F5-438D-8A43-E1F81D95E3F6}.Debug|Any CPU.ActiveCfg = Debug|Any CPU
		{88EC0DFF-18F5-438D-8A43-E1F81D95E3F6}.Debug|Any CPU.Build.0 = Debug|Any CPU
		{88EC0DFF-18F5-438D-8A43-E1F81D95E3F6}.Release|Any CPU.ActiveCfg = Release|Any CPU
		{88EC0DFF-18F5-438D-8A43-E1F81D95E3F6}.Release|Any CPU.Build.0 = Release|Any CPU
		{4C248605-15D8-4E75-BAE4-905C6A9133D6}.Debug|Any CPU.ActiveCfg = Debug|Any CPU
		{4C248605-15D8-4E75-BAE4-905C6A9133D6}.Debug|Any CPU.Build.0 = Debug|Any CPU
		{4C248605-15D8-4E75-BAE4-905C6A9133D6}.Release|Any CPU.ActiveCfg = Release|Any CPU
		{4C248605-15D8-4E75-BAE4-905C6A9133D6}.Release|Any CPU.Build.0 = Release|Any CPU
		{F33DFE9A-4B7B-4C01-A0B5-0790319124EA}.Debug|Any CPU.ActiveCfg = Debug|Any CPU
		{F33DFE9A-4B7B-4C01-A0B5-0790319124EA}.Debug|Any CPU.Build.0 = Debug|Any CPU
		{F33DFE9A-4B7B-4C01-A0B5-0790319124EA}.Release|Any CPU.ActiveCfg = Release|Any CPU
		{F33DFE9A-4B7B-4C01-A0B5-0790319124EA}.Release|Any CPU.Build.0 = Release|Any CPU
	EndGlobalSection
	GlobalSection(SolutionProperties) = preSolution
		HideSolutionNode = FALSE
	EndGlobalSection
	GlobalSection(NestedProjects) = preSolution
		{AADBD0DF-6A02-41A1-B2CF-D58FB9A08EEB} = {DE00132D-82B6-4EEA-983A-174FEF32AE7F}
		{88EC0DFF-18F5-438D-8A43-E1F81D95E3F6} = {AADBD0DF-6A02-41A1-B2CF-D58FB9A08EEB}
		{F33DFE9A-4B7B-4C01-A0B5-0790319124EA} = {DE00132D-82B6-4EEA-983A-174FEF32AE7F}
	EndGlobalSection
	GlobalSection(ExtensibilityGlobals) = postSolution
		SolutionGuid = {641A36FF-5DEA-47E3-BB5F-03A114276BB3}
	EndGlobalSection
EndGlobal
